// !$*UTF8*$!
{
	archiveVersion = 1;
	classes = {
	};
	objectVersion = 50;
	objects = {

/* Begin PBXBuildFile section */
		68BCB03B2085C29300A905F8 /* main.cpp in Sources */ = {isa = PBXBuildFile; fileRef = 68BCB03A2085C29300A905F8 /* main.cpp */; };
		68BCB0442085C2C200A905F8 /* myIter.h in Sources */ = {isa = PBXBuildFile; fileRef = 68BCB0422085C2C200A905F8 /* myIter.h */; };
		68BCB0452085C2C200A905F8 /* doIt.h in Sources */ = {isa = PBXBuildFile; fileRef = 68BCB0432085C2C200A905F8 /* doIt.h */; };
		68BCB04B2086718600A905F8 /* someFunc.cpp in Sources */ = {isa = PBXBuildFile; fileRef = 68BCB0492086718600A905F8 /* someFunc.cpp */; };
/* End PBXBuildFile section */

/* Begin PBXCopyFilesBuildPhase section */
		68BCB0352085C29300A905F8 /* CopyFiles */ = {
			isa = PBXCopyFilesBuildPhase;
			buildActionMask = 2147483647;
			dstPath = /usr/share/man/man1/;
			dstSubfolderSpec = 0;
			files = (
			);
			runOnlyForDeploymentPostprocessing = 1;
		};
/* End PBXCopyFilesBuildPhase section */

/* Begin PBXFileReference section */
		685BB68F20B3EF23000D8561 /* generic.h */ = {isa = PBXFileReference; lastKnownFileType = sourcecode.c.h; path = generic.h; sourceTree = "<group>"; };
		688FB7972089136D00A053AB /* doItNorm.h */ = {isa = PBXFileReference; lastKnownFileType = sourcecode.c.h; path = doItNorm.h; sourceTree = "<group>"; };
		688FB79B208929C600A053AB /* GenericVector.h */ = {isa = PBXFileReference; lastKnownFileType = sourcecode.c.h; path = GenericVector.h; sourceTree = "<group>"; };
		688FB7A620895E2A00A053AB /* lists.h */ = {isa = PBXFileReference; lastKnownFileType = sourcecode.c.h; path = lists.h; sourceTree = "<group>"; };
		688FB7A920895E8100A053AB /* parenthesis.h */ = {isa = PBXFileReference; lastKnownFileType = sourcecode.c.h; path = parenthesis.h; sourceTree = "<group>"; };
		68A99F3C208EC1640043F6B7 /* partialFunc.h */ = {isa = PBXFileReference; lastKnownFileType = sourcecode.c.h; path = partialFunc.h; sourceTree = "<group>"; };
		68BCB0372085C29300A905F8 /* pic10c */ = {isa = PBXFileReference; explicitFileType = "compiled.mach-o.executable"; includeInIndex = 0; path = pic10c; sourceTree = BUILT_PRODUCTS_DIR; };
		68BCB03A2085C29300A905F8 /* main.cpp */ = {isa = PBXFileReference; lastKnownFileType = sourcecode.cpp.cpp; path = main.cpp; sourceTree = "<group>"; };
		68BCB0412085C2B200A905F8 /* convertSorted.h */ = {isa = PBXFileReference; lastKnownFileType = sourcecode.c.h; path = convertSorted.h; sourceTree = "<group>"; };
		68BCB0422085C2C200A905F8 /* myIter.h */ = {isa = PBXFileReference; fileEncoding = 4; lastKnownFileType = sourcecode.c.h; path = myIter.h; sourceTree = "<group>"; };
		68BCB0432085C2C200A905F8 /* doIt.h */ = {isa = PBXFileReference; fileEncoding = 4; lastKnownFileType = sourcecode.c.h; path = doIt.h; sourceTree = "<group>"; };
		68BCB0472086713200A905F8 /* someFunc.h */ = {isa = PBXFileReference; lastKnownFileType = sourcecode.c.h; path = someFunc.h; sourceTree = "<group>"; };
		68BCB0492086718600A905F8 /* someFunc.cpp */ = {isa = PBXFileReference; lastKnownFileType = sourcecode.cpp.cpp; path = someFunc.cpp; sourceTree = "<group>"; };
		68BCB051208687E000A905F8 /* auto.h */ = {isa = PBXFileReference; lastKnownFileType = sourcecode.c.h; path = auto.h; sourceTree = "<group>"; };
		68DE32AF208A869D008C95C5 /* partialClass.h */ = {isa = PBXFileReference; lastKnownFileType = sourcecode.c.h; path = partialClass.h; sourceTree = "<group>"; };
/* End PBXFileReference section */

/* Begin PBXFrameworksBuildPhase section */
		68BCB0342085C29300A905F8 /* Frameworks */ = {
			isa = PBXFrameworksBuildPhase;
			buildActionMask = 2147483647;
			files = (
			);
			runOnlyForDeploymentPostprocessing = 0;
		};
/* End PBXFrameworksBuildPhase section */

/* Begin PBXGroup section */
		688FB7942088F65A00A053AB /* demo-linker-err */ = {
			isa = PBXGroup;
			children = (
				68BCB0472086713200A905F8 /* someFunc.h */,
				68BCB0492086718600A905F8 /* someFunc.cpp */,
			);
			path = "demo-linker-err";
			sourceTree = "<group>";
		};
		688FB7952088F90900A053AB /* week2-STLcontainer */ = {
			isa = PBXGroup;
			children = (
				68BCB0412085C2B200A905F8 /* convertSorted.h */,
				688FB7A920895E8100A053AB /* parenthesis.h */,
				688FB7A620895E2A00A053AB /* lists.h */,
			);
			path = "week2-STLcontainer";
			sourceTree = "<group>";
		};
		688FB799208928B000A053AB /* week4-inheritance */ = {
			isa = PBXGroup;
			children = (
				688FB79B208929C600A053AB /* GenericVector.h */,
				68A99F3C208EC1640043F6B7 /* partialFunc.h */,
				68DE32AF208A869D008C95C5 /* partialClass.h */,
			);
			path = "week4-inheritance";
			sourceTree = "<group>";
		};
		688FB7A320895DDD00A053AB /* week9-iterator */ = {
			isa = PBXGroup;
			children = (
				68BCB0422085C2C200A905F8 /* myIter.h */,
				685BB68F20B3EF23000D8561 /* generic.h */,
			);
			path = "week9-iterator";
			sourceTree = "<group>";
		};
		68BCB02E2085C29300A905F8 = {
			isa = PBXGroup;
			children = (
				68BCB0392085C29300A905F8 /* pic10c */,
				68BCB0382085C29300A905F8 /* Products */,
			);
			sourceTree = "<group>";
		};
		68BCB0382085C29300A905F8 /* Products */ = {
			isa = PBXGroup;
			children = (
				68BCB0372085C29300A905F8 /* pic10c */,
			);
			name = Products;
			sourceTree = "<group>";
		};
		68BCB0392085C29300A905F8 /* pic10c */ = {
			isa = PBXGroup;
			children = (
				68BCB03A2085C29300A905F8 /* main.cpp */,
				688FB7952088F90900A053AB /* week2-STLcontainer */,
				68BCB04D2086852300A905F8 /* week3-reduce */,
				688FB799208928B000A053AB /* week4-inheritance */,
				688FB7A320895DDD00A053AB /* week9-iterator */,
			);
			path = pic10c;
			sourceTree = "<group>";
		};
		68BCB04D2086852300A905F8 /* week3-reduce */ = {
			isa = PBXGroup;
			children = (
				68BCB051208687E000A905F8 /* auto.h */,
				688FB7942088F65A00A053AB /* demo-linker-err */,
				68BCB0432085C2C200A905F8 /* doIt.h */,
				688FB7972089136D00A053AB /* doItNorm.h */,
			);
			path = "week3-reduce";
			sourceTree = "<group>";
		};
/* End PBXGroup section */

/* Begin PBXNativeTarget section */
		68BCB0362085C29300A905F8 /* pic10c */ = {
			isa = PBXNativeTarget;
			buildConfigurationList = 68BCB03E2085C29300A905F8 /* Build configuration list for PBXNativeTarget "pic10c" */;
			buildPhases = (
				68BCB0332085C29300A905F8 /* Sources */,
				68BCB0342085C29300A905F8 /* Frameworks */,
				68BCB0352085C29300A905F8 /* CopyFiles */,
			);
			buildRules = (
			);
			dependencies = (
			);
			name = pic10c;
			productName = pic10c;
			productReference = 68BCB0372085C29300A905F8 /* pic10c */;
			productType = "com.apple.product-type.tool";
		};
/* End PBXNativeTarget section */

/* Begin PBXProject section */
		68BCB02F2085C29300A905F8 /* Project object */ = {
			isa = PBXProject;
			attributes = {
				LastUpgradeCheck = 0930;
				ORGANIZATIONNAME = srw;
				TargetAttributes = {
					68BCB0362085C29300A905F8 = {
						CreatedOnToolsVersion = 9.3;
					};
				};
			};
			buildConfigurationList = 68BCB0322085C29300A905F8 /* Build configuration list for PBXProject "pic10c" */;
			compatibilityVersion = "Xcode 9.3";
			developmentRegion = en;
			hasScannedForEncodings = 0;
			knownRegions = (
				en,
			);
			mainGroup = 68BCB02E2085C29300A905F8;
			productRefGroup = 68BCB0382085C29300A905F8 /* Products */;
			projectDirPath = "";
			projectRoot = "";
			targets = (
				68BCB0362085C29300A905F8 /* pic10c */,
			);
		};
/* End PBXProject section */

/* Begin PBXSourcesBuildPhase section */
		68BCB0332085C29300A905F8 /* Sources */ = {
			isa = PBXSourcesBuildPhase;
			buildActionMask = 2147483647;
			files = (
				68BCB04B2086718600A905F8 /* someFunc.cpp in Sources */,
				68BCB03B2085C29300A905F8 /* main.cpp in Sources */,
				68BCB0442085C2C200A905F8 /* myIter.h in Sources */,
				68BCB0452085C2C200A905F8 /* doIt.h in Sources */,
			);
			runOnlyForDeploymentPostprocessing = 0;
		};
/* End PBXSourcesBuildPhase section */

/* Begin XCBuildConfiguration section */
		68BCB03C2085C29300A905F8 /* Debug */ = {
			isa = XCBuildConfiguration;
			buildSettings = {
				ALWAYS_SEARCH_USER_PATHS = NO;
				CLANG_ANALYZER_NONNULL = YES;
				CLANG_ANALYZER_NUMBER_OBJECT_CONVERSION = YES_AGGRESSIVE;
				CLANG_CXX_LANGUAGE_STANDARD = "gnu++14";
				CLANG_CXX_LIBRARY = "libc++";
				CLANG_ENABLE_MODULES = YES;
				CLANG_ENABLE_OBJC_ARC = YES;
				CLANG_ENABLE_OBJC_WEAK = YES;
				CLANG_WARN_BLOCK_CAPTURE_AUTORELEASING = YES;
				CLANG_WARN_BOOL_CONVERSION = YES;
				CLANG_WARN_COMMA = YES;
				CLANG_WARN_CONSTANT_CONVERSION = YES;
				CLANG_WARN_DEPRECATED_OBJC_IMPLEMENTATIONS = YES;
				CLANG_WARN_DIRECT_OBJC_ISA_USAGE = YES_ERROR;
				CLANG_WARN_DOCUMENTATION_COMMENTS = YES;
				CLANG_WARN_EMPTY_BODY = YES;
				CLANG_WARN_ENUM_CONVERSION = YES;
				CLANG_WARN_INFINITE_RECURSION = YES;
				CLANG_WARN_INT_CONVERSION = YES;
				CLANG_WARN_NON_LITERAL_NULL_CONVERSION = YES;
				CLANG_WARN_OBJC_IMPLICIT_RETAIN_SELF = YES;
				CLANG_WARN_OBJC_LITERAL_CONVERSION = YES;
				CLANG_WARN_OBJC_ROOT_CLASS = YES_ERROR;
				CLANG_WARN_RANGE_LOOP_ANALYSIS = YES;
				CLANG_WARN_STRICT_PROTOTYPES = YES;
				CLANG_WARN_SUSPICIOUS_MOVE = YES;
				CLANG_WARN_UNGUARDED_AVAILABILITY = YES_AGGRESSIVE;
				CLANG_WARN_UNREACHABLE_CODE = YES;
				CLANG_WARN__DUPLICATE_METHOD_MATCH = YES;
				CODE_SIGN_IDENTITY = "-";
				COPY_PHASE_STRIP = NO;
				DEBUG_INFORMATION_FORMAT = dwarf;
				ENABLE_STRICT_OBJC_MSGSEND = YES;
				ENABLE_TESTABILITY = YES;
				GCC_C_LANGUAGE_STANDARD = gnu11;
				GCC_DYNAMIC_NO_PIC = NO;
				GCC_NO_COMMON_BLOCKS = YES;
				GCC_OPTIMIZATION_LEVEL = 0;
				GCC_PREPROCESSOR_DEFINITIONS = (
					"DEBUG=1",
					"$(inherited)",
				);
				GCC_WARN_64_TO_32_BIT_CONVERSION = YES;
				GCC_WARN_ABOUT_RETURN_TYPE = YES_ERROR;
				GCC_WARN_UNDECLARED_SELECTOR = YES;
				GCC_WARN_UNINITIALIZED_AUTOS = YES_AGGRESSIVE;
				GCC_WARN_UNUSED_FUNCTION = YES;
				GCC_WARN_UNUSED_VARIABLE = YES;
				MACOSX_DEPLOYMENT_TARGET = 10.13;
				MTL_ENABLE_DEBUG_INFO = YES;
				ONLY_ACTIVE_ARCH = YES;
				SDKROOT = macosx;
			};
			name = Debug;
		};
		68BCB03D2085C29300A905F8 /* Release */ = {
			isa = XCBuildConfiguration;
			buildSettings = {
				ALWAYS_SEARCH_USER_PATHS = NO;
				CLANG_ANALYZER_NONNULL = YES;
				CLANG_ANALYZER_NUMBER_OBJECT_CONVERSION = YES_AGGRESSIVE;
				CLANG_CXX_LANGUAGE_STANDARD = "gnu++14";
				CLANG_CXX_LIBRARY = "libc++";
				CLANG_ENABLE_MODULES = YES;
				CLANG_ENABLE_OBJC_ARC = YES;
				CLANG_ENABLE_OBJC_WEAK = YES;
				CLANG_WARN_BLOCK_CAPTURE_AUTORELEASING = YES;
				CLANG_WARN_BOOL_CONVERSION = YES;
				CLANG_WARN_COMMA = YES;
				CLANG_WARN_CONSTANT_CONVERSION = YES;
				CLANG_WARN_DEPRECATED_OBJC_IMPLEMENTATIONS = YES;
				CLANG_WARN_DIRECT_OBJC_ISA_USAGE = YES_ERROR;
				CLANG_WARN_DOCUMENTATION_COMMENTS = YES;
				CLANG_WARN_EMPTY_BODY = YES;
				CLANG_WARN_ENUM_CONVERSION = YES;
				CLANG_WARN_INFINITE_RECURSION = YES;
				CLANG_WARN_INT_CONVERSION = YES;
				CLANG_WARN_NON_LITERAL_NULL_CONVERSION = YES;
				CLANG_WARN_OBJC_IMPLICIT_RETAIN_SELF = YES;
				CLANG_WARN_OBJC_LITERAL_CONVERSION = YES;
				CLANG_WARN_OBJC_ROOT_CLASS = YES_ERROR;
				CLANG_WARN_RANGE_LOOP_ANALYSIS = YES;
				CLANG_WARN_STRICT_PROTOTYPES = YES;
				CLANG_WARN_SUSPICIOUS_MOVE = YES;
				CLANG_WARN_UNGUARDED_AVAILABILITY = YES_AGGRESSIVE;
				CLANG_WARN_UNREACHABLE_CODE = YES;
				CLANG_WARN__DUPLICATE_METHOD_MATCH = YES;
				CODE_SIGN_IDENTITY = "-";
				COPY_PHASE_STRIP = NO;
				DEBUG_INFORMATION_FORMAT = "dwarf-with-dsym";
				ENABLE_NS_ASSERTIONS = NO;
				ENABLE_STRICT_OBJC_MSGSEND = YES;
				GCC_C_LANGUAGE_STANDARD = gnu11;
				GCC_NO_COMMON_BLOCKS = YES;
				GCC_WARN_64_TO_32_BIT_CONVERSION = YES;
				GCC_WARN_ABOUT_RETURN_TYPE = YES_ERROR;
				GCC_WARN_UNDECLARED_SELECTOR = YES;
				GCC_WARN_UNINITIALIZED_AUTOS = YES_AGGRESSIVE;
				GCC_WARN_UNUSED_FUNCTION = YES;
				GCC_WARN_UNUSED_VARIABLE = YES;
				MACOSX_DEPLOYMENT_TARGET = 10.13;
				MTL_ENABLE_DEBUG_INFO = NO;
				SDKROOT = macosx;
			};
			name = Release;
		};
		68BCB03F2085C29300A905F8 /* Debug */ = {
			isa = XCBuildConfiguration;
			buildSettings = {
				CODE_SIGN_STYLE = Automatic;
				PRODUCT_NAME = "$(TARGET_NAME)";
			};
			name = Debug;
		};
		68BCB0402085C29300A905F8 /* Release */ = {
			isa = XCBuildConfiguration;
			buildSettings = {
				CODE_SIGN_STYLE = Automatic;
				PRODUCT_NAME = "$(TARGET_NAME)";
			};
			name = Release;
		};
/* End XCBuildConfiguration section */

/* Begin XCConfigurationList section */
		68BCB0322085C29300A905F8 /* Build configuration list for PBXProject "pic10c" */ = {
			isa = XCConfigurationList;
			buildConfigurations = (
				68BCB03C2085C29300A905F8 /* Debug */,
				68BCB03D2085C29300A905F8 /* Release */,
			);
			defaultConfigurationIsVisible = 0;
			defaultConfigurationName = Release;
		};
		68BCB03E2085C29300A905F8 /* Build configuration list for PBXNativeTarget "pic10c" */ = {
			isa = XCConfigurationList;
			buildConfigurations = (
				68BCB03F2085C29300A905F8 /* Debug */,
				68BCB0402085C29300A905F8 /* Release */,
			);
			defaultConfigurationIsVisible = 0;
			defaultConfigurationName = Release;
		};
/* End XCConfigurationList section */
	};
	rootObject = 68BCB02F2085C29300A905F8 /* Project object */;
}
